// !$*UTF8*$!
{
	archiveVersion = 1;
	classes = {
	};
	objectVersion = 50;
	objects = {

/* Begin PBXBuildFile section */
		7305138B20A5BC4F00539DF4 /* AppDelegate.swift in Sources */ = {isa = PBXBuildFile; fileRef = 7305138A20A5BC4F00539DF4 /* AppDelegate.swift */; };
		7305138D20A5BC4F00539DF4 /* ViewController.swift in Sources */ = {isa = PBXBuildFile; fileRef = 7305138C20A5BC4F00539DF4 /* ViewController.swift */; };
		7305139020A5BC4F00539DF4 /* Main.storyboard in Resources */ = {isa = PBXBuildFile; fileRef = 7305138E20A5BC4F00539DF4 /* Main.storyboard */; };
		7305139220A5BC5500539DF4 /* Assets.xcassets in Resources */ = {isa = PBXBuildFile; fileRef = 7305139120A5BC5500539DF4 /* Assets.xcassets */; };
		7305139520A5BC5500539DF4 /* LaunchScreen.storyboard in Resources */ = {isa = PBXBuildFile; fileRef = 7305139320A5BC5500539DF4 /* LaunchScreen.storyboard */; };
/* End PBXBuildFile section */

/* Begin PBXFileReference section */
		7305138720A5BC4F00539DF4 /* littleprince.app */ = {isa = PBXFileReference; explicitFileType = wrapper.application; includeInIndex = 0; path = littleprince.app; sourceTree = BUILT_PRODUCTS_DIR; };
		7305138A20A5BC4F00539DF4 /* AppDelegate.swift */ = {isa = PBXFileReference; lastKnownFileType = sourcecode.swift; path = AppDelegate.swift; sourceTree = "<group>"; };
		7305138C20A5BC4F00539DF4 /* ViewController.swift */ = {isa = PBXFileReference; lastKnownFileType = sourcecode.swift; path = ViewController.swift; sourceTree = "<group>"; };
		7305138F20A5BC4F00539DF4 /* Base */ = {isa = PBXFileReference; lastKnownFileType = file.storyboard; name = Base; path = Base.lproj/Main.storyboard; sourceTree = "<group>"; };
		7305139120A5BC5500539DF4 /* Assets.xcassets */ = {isa = PBXFileReference; lastKnownFileType = folder.assetcatalog; path = Assets.xcassets; sourceTree = "<group>"; };
		7305139420A5BC5500539DF4 /* Base */ = {isa = PBXFileReference; lastKnownFileType = file.storyboard; name = Base; path = Base.lproj/LaunchScreen.storyboard; sourceTree = "<group>"; };
		7305139620A5BC5500539DF4 /* Info.plist */ = {isa = PBXFileReference; lastKnownFileType = text.plist.xml; path = Info.plist; sourceTree = "<group>"; };
/* End PBXFileReference section */

/* Begin PBXFrameworksBuildPhase section */
		7305138420A5BC4F00539DF4 /* Frameworks */ = {
			isa = PBXFrameworksBuildPhase;
			buildActionMask = 2147483647;
			files = (
			);
			runOnlyForDeploymentPostprocessing = 0;
		};
/* End PBXFrameworksBuildPhase section */

/* Begin PBXGroup section */
		7305137E20A5BC4F00539DF4 = {
			isa = PBXGroup;
			children = (
				7305138920A5BC4F00539DF4 /* littleprince */,
				7305138820A5BC4F00539DF4 /* Products */,
			);
			sourceTree = "<group>";
		};
		7305138820A5BC4F00539DF4 /* Products */ = {
			isa = PBXGroup;
			children = (
				7305138720A5BC4F00539DF4 /* littleprince.app */,
			);
			name = Products;
			sourceTree = "<group>";
		};
		7305138920A5BC4F00539DF4 /* littleprince */ = {
			isa = PBXGroup;
			children = (
				7305138A20A5BC4F00539DF4 /* AppDelegate.swift */,
				7305138C20A5BC4F00539DF4 /* ViewController.swift */,
				7305138E20A5BC4F00539DF4 /* Main.storyboard */,
				7305139120A5BC5500539DF4 /* Assets.xcassets */,
				7305139320A5BC5500539DF4 /* LaunchScreen.storyboard */,
				7305139620A5BC5500539DF4 /* Info.plist */,
			);
			path = littleprince;
			sourceTree = "<group>";
		};
/* End PBXGroup section */

/* Begin PBXNativeTarget section */
		7305138620A5BC4F00539DF4 /* littleprince */ = {
			isa = PBXNativeTarget;
			buildConfigurationList = 7305139920A5BC5500539DF4 /* Build configuration list for PBXNativeTarget "littleprince" */;
			buildPhases = (
				7305138320A5BC4F00539DF4 /* Sources */,
				7305138420A5BC4F00539DF4 /* Frameworks */,
				7305138520A5BC4F00539DF4 /* Resources */,
			);
			buildRules = (
			);
			dependencies = (
			);
			name = littleprince;
			productName = littleprince;
			productReference = 7305138720A5BC4F00539DF4 /* littleprince.app */;
			productType = "com.apple.product-type.application";
		};
/* End PBXNativeTarget section */

/* Begin PBXProject section */
		7305137F20A5BC4F00539DF4 /* Project object */ = {
			isa = PBXProject;
			attributes = {
				LastSwiftUpdateCheck = 0930;
				LastUpgradeCheck = 0930;
				ORGANIZATIONNAME = "李沐軒";
				TargetAttributes = {
					7305138620A5BC4F00539DF4 = {
						CreatedOnToolsVersion = 9.3;
					};
				};
			};
			buildConfigurationList = 7305138220A5BC4F00539DF4 /* Build configuration list for PBXProject "littleprince" */;
			compatibilityVersion = "Xcode 9.3";
			developmentRegion = en;
			hasScannedForEncodings = 0;
			knownRegions = (
				en,
				Base,
			);
			mainGroup = 7305137E20A5BC4F00539DF4;
			productRefGroup = 7305138820A5BC4F00539DF4 /* Products */;
			projectDirPath = "";
			projectRoot = "";
			targets = (
				7305138620A5BC4F00539DF4 /* littleprince */,
			);
		};
/* End PBXProject section */

/* Begin PBXResourcesBuildPhase section */
		7305138520A5BC4F00539DF4 /* Resources */ = {
			isa = PBXResourcesBuildPhase;
			buildActionMask = 2147483647;
			files = (
				7305139520A5BC5500539DF4 /* LaunchScreen.storyboard in Resources */,
				7305139220A5BC5500539DF4 /* Assets.xcassets in Resources */,
				7305139020A5BC4F00539DF4 /* Main.storyboard in Resources */,
			);
			runOnlyForDeploymentPostprocessing = 0;
		};
/* End PBXResourcesBuildPhase section */

/* Begin PBXSourcesBuildPhase section */
		7305138320A5BC4F00539DF4 /* Sources */ = {
			isa = PBXSourcesBuildPhase;
			buildActionMask = 2147483647;
			files = (
				7305138D20A5BC4F00539DF4 /* ViewController.swift in Sources */,
				7305138B20A5BC4F00539DF4 /* AppDelegate.swift in Sources */,
			);
			runOnlyForDeploymentPostprocessing = 0;
		};
/* End PBXSourcesBuildPhase section */

/* Begin PBXVariantGroup section */
		7305138E20A5BC4F00539DF4 /* Main.storyboard */ = {
			isa = PBXVariantGroup;
			children = (
				7305138F20A5BC4F00539DF4 /* Base */,
			);
			name = Main.storyboard;
			sourceTree = "<group>";
		};
		7305139320A5BC5500539DF4 /* LaunchScreen.storyboard */ = {
			isa = PBXVariantGroup;
			children = (
				7305139420A5BC5500539DF4 /* Base */,
			);
			name = LaunchScreen.storyboard;
			sourceTree = "<group>";
		};
/* End PBXVariantGroup section */

/* Begin XCBuildConfiguration section */
		7305139720A5BC5500539DF4 /* Debug */ = {
			isa = XCBuildConfiguration;
			buildSettings = {
				ALWAYS_SEARCH_USER_PATHS = NO;
				CLANG_ANALYZER_NONNULL = YES;
				CLANG_ANALYZER_NUMBER_OBJECT_CONVERSION = YES_AGGRESSIVE;
				CLANG_CXX_LANGUAGE_STANDARD = "gnu++14";
				CLANG_CXX_LIBRARY = "libc++";
				CLANG_ENABLE_MODULES = YES;
				CLANG_ENABLE_OBJC_ARC = YES;
				CLANG_ENABLE_OBJC_WEAK = YES;
				CLANG_WARN_BLOCK_CAPTURE_AUTORELEASING = YES;
				CLANG_WARN_BOOL_CONVERSION = YES;
				CLANG_WARN_COMMA = YES;
				CLANG_WARN_CONSTANT_CONVERSION = YES;
				CLANG_WARN_DEPRECATED_OBJC_IMPLEMENTATIONS = YES;
				CLANG_WARN_DIRECT_OBJC_ISA_USAGE = YES_ERROR;
				CLANG_WARN_DOCUMENTATION_COMMENTS = YES;
				CLANG_WARN_EMPTY_BODY = YES;
				CLANG_WARN_ENUM_CONVERSION = YES;
				CLANG_WARN_INFINITE_RECURSION = YES;
				CLANG_WARN_INT_CONVERSION = YES;
				CLANG_WARN_NON_LITERAL_NULL_CONVERSION = YES;
				CLANG_WARN_OBJC_IMPLICIT_RETAIN_SELF = YES;
				CLANG_WARN_OBJC_LITERAL_CONVERSION = YES;
				CLANG_WARN_OBJC_ROOT_CLASS = YES_ERROR;
				CLANG_WARN_RANGE_LOOP_ANALYSIS = YES;
				CLANG_WARN_STRICT_PROTOTYPES = YES;
				CLANG_WARN_SUSPICIOUS_MOVE = YES;
				CLANG_WARN_UNGUARDED_AVAILABILITY = YES_AGGRESSIVE;
				CLANG_WARN_UNREACHABLE_CODE = YES;
				CLANG_WARN__DUPLICATE_METHOD_MATCH = YES;
				CODE_SIGN_IDENTITY = "iPhone Developer";
				COPY_PHASE_STRIP = NO;
				DEBUG_INFORMATION_FORMAT = dwarf;
				ENABLE_STRICT_OBJC_MSGSEND = YES;
				ENABLE_TESTABILITY = YES;
				GCC_C_LANGUAGE_STANDARD = gnu11;
				GCC_DYNAMIC_NO_PIC = NO;
				GCC_NO_COMMON_BLOCKS = YES;
				GCC_OPTIMIZATION_LEVEL = 0;
				GCC_PREPROCESSOR_DEFINITIONS = (
					"DEBUG=1",
					"$(inherited)",
				);
				GCC_WARN_64_TO_32_BIT_CONVERSION = YES;
				GCC_WARN_ABOUT_RETURN_TYPE = YES_ERROR;
				GCC_WARN_UNDECLARED_SELECTOR = YES;
				GCC_WARN_UNINITIALIZED_AUTOS = YES_AGGRESSIVE;
				GCC_WARN_UNUSED_FUNCTION = YES;
				GCC_WARN_UNUSED_VARIABLE = YES;
				IPHONEOS_DEPLOYMENT_TARGET = 11.3;
				MTL_ENABLE_DEBUG_INFO = YES;
				ONLY_ACTIVE_ARCH = YES;
				SDKROOT = iphoneos;
				SWIFT_ACTIVE_COMPILATION_CONDITIONS = DEBUG;
				SWIFT_OPTIMIZATION_LEVEL = "-Onone";
			};
			name = Debug;
		};
		7305139820A5BC5500539DF4 /* Release */ = {
			isa = XCBuildConfiguration;
			buildSettings = {
				ALWAYS_SEARCH_USER_PATHS = NO;
				CLANG_ANALYZER_NONNULL = YES;
				CLANG_ANALYZER_NUMBER_OBJECT_CONVERSION = YES_AGGRESSIVE;
				CLANG_CXX_LANGUAGE_STANDARD = "gnu++14";
				CLANG_CXX_LIBRARY = "libc++";
				CLANG_ENABLE_MODULES = YES;
				CLANG_ENABLE_OBJC_ARC = YES;
				CLANG_ENABLE_OBJC_WEAK = YES;
				CLANG_WARN_BLOCK_CAPTURE_AUTORELEASING = YES;
				CLANG_WARN_BOOL_CONVERSION = YES;
				CLANG_WARN_COMMA = YES;
				CLANG_WARN_CONSTANT_CONVERSION = YES;
				CLANG_WARN_DEPRECATED_OBJC_IMPLEMENTATIONS = YES;
				CLANG_WARN_DIRECT_OBJC_ISA_USAGE = YES_ERROR;
				CLANG_WARN_DOCUMENTATION_COMMENTS = YES;
				CLANG_WARN_EMPTY_BODY = YES;
				CLANG_WARN_ENUM_CONVERSION = YES;
				CLANG_WARN_INFINITE_RECURSION = YES;
				CLANG_WARN_INT_CONVERSION = YES;
				CLANG_WARN_NON_LITERAL_NULL_CONVERSION = YES;
				CLANG_WARN_OBJC_IMPLICIT_RETAIN_SELF = YES;
				CLANG_WARN_OBJC_LITERAL_CONVERSION = YES;
				CLANG_WARN_OBJC_ROOT_CLASS = YES_ERROR;
				CLANG_WARN_RANGE_LOOP_ANALYSIS = YES;
				CLANG_WARN_STRICT_PROTOTYPES = YES;
				CLANG_WARN_SUSPICIOUS_MOVE = YES;
				CLANG_WARN_UNGUARDED_AVAILABILITY = YES_AGGRESSIVE;
				CLANG_WARN_UNREACHABLE_CODE = YES;
				CLANG_WARN__DUPLICATE_METHOD_MATCH = YES;
				CODE_SIGN_IDENTITY = "iPhone Developer";
				COPY_PHASE_STRIP = NO;
				DEBUG_INFORMATION_FORMAT = "dwarf-with-dsym";
				ENABLE_NS_ASSERTIONS = NO;
				ENABLE_STRICT_OBJC_MSGSEND = YES;
				GCC_C_LANGUAGE_STANDARD = gnu11;
				GCC_NO_COMMON_BLOCKS = YES;
				GCC_WARN_64_TO_32_BIT_CONVERSION = YES;
				GCC_WARN_ABOUT_RETURN_TYPE = YES_ERROR;
				GCC_WARN_UNDECLARED_SELECTOR = YES;
				GCC_WARN_UNINITIALIZED_AUTOS = YES_AGGRESSIVE;
				GCC_WARN_UNUSED_FUNCTION = YES;
				GCC_WARN_UNUSED_VARIABLE = YES;
				IPHONEOS_DEPLOYMENT_TARGET = 11.3;
				MTL_ENABLE_DEBUG_INFO = NO;
				SDKROOT = iphoneos;
				SWIFT_COMPILATION_MODE = wholemodule;
				SWIFT_OPTIMIZATION_LEVEL = "-O";
				VALIDATE_PRODUCT = YES;
			};
			name = Release;
		};
		7305139A20A5BC5500539DF4 /* Debug */ = {
			isa = XCBuildConfiguration;
			buildSettings = {
				ASSETCATALOG_COMPILER_APPICON_NAME = AppIcon;
				CODE_SIGN_STYLE = Automatic;
				INFOPLIST_FILE = littleprince/Info.plist;
				LD_RUNPATH_SEARCH_PATHS = (
					"$(inherited)",
					"@executable_path/Frameworks",
				);
				PRODUCT_BUNDLE_IDENTIFIER = com.moon.littleprince;
				PRODUCT_NAME = "$(TARGET_NAME)";
				SWIFT_VERSION = 4.0;
				TARGETED_DEVICE_FAMILY = "1,2";
			};
			name = Debug;
		};
		7305139B20A5BC5500539DF4 /* Release */ = {
			isa = XCBuildConfiguration;
			buildSettings = {
				ASSETCATALOG_COMPILER_APPICON_NAME = AppIcon;
				CODE_SIGN_STYLE = Automatic;
				INFOPLIST_FILE = littleprince/Info.plist;
				LD_RUNPATH_SEARCH_PATHS = (
					"$(inherited)",
					"@executable_path/Frameworks",
				);
				PRODUCT_BUNDLE_IDENTIFIER = com.moon.littleprince;
				PRODUCT_NAME = "$(TARGET_NAME)";
				SWIFT_VERSION = 4.0;
				TARGETED_DEVICE_FAMILY = "1,2";
			};
			name = Release;
		};
/* End XCBuildConfiguration section */

/* Begin XCConfigurationList section */
		7305138220A5BC4F00539DF4 /* Build configuration list for PBXProject "littleprince" */ = {
			isa = XCConfigurationList;
			buildConfigurations = (
				7305139720A5BC5500539DF4 /* Debug */,
				7305139820A5BC5500539DF4 /* Release */,
			);
			defaultConfigurationIsVisible = 0;
			defaultConfigurationName = Release;
		};
		7305139920A5BC5500539DF4 /* Build configuration list for PBXNativeTarget "littleprince" */ = {
			isa = XCConfigurationList;
			buildConfigurations = (
				7305139A20A5BC5500539DF4 /* Debug */,
				7305139B20A5BC5500539DF4 /* Release */,
			);
			defaultConfigurationIsVisible = 0;
			defaultConfigurationName = Release;
		};
/* End XCConfigurationList section */
	};
	rootObject = 7305137F20A5BC4F00539DF4 /* Project object */;
}
